// !$*UTF8*$!
{
	archiveVersion = 1;
	classes = {
	};
	objectVersion = 56;
	objects = {

/* Begin PBXBuildFile section */
		AD19D6A62B5BA564007DAF6C /* Images.xcassets in Resources */ = {isa = PBXBuildFile; fileRef = AD19D6A52B5BA564007DAF6C /* Images.xcassets */; };
		AD19D6A82B5BA88C007DAF6C /* CPImage.swift in Sources */ = {isa = PBXBuildFile; fileRef = AD19D6A72B5BA88C007DAF6C /* CPImage.swift */; };
		AD19D6AA2B5BADC8007DAF6C /* Colors.xcassets in Resources */ = {isa = PBXBuildFile; fileRef = AD19D6A92B5BADC8007DAF6C /* Colors.xcassets */; };
		AD19D6AC2B5BAF78007DAF6C /* CPColor.swift in Sources */ = {isa = PBXBuildFile; fileRef = AD19D6AB2B5BAF78007DAF6C /* CPColor.swift */; };
		AD19D6AE2B5BB03A007DAF6C /* CPFont.swift in Sources */ = {isa = PBXBuildFile; fileRef = AD19D6AD2B5BB03A007DAF6C /* CPFont.swift */; };
		AD31FA422B57E783007C0C96 /* AppDelegate.swift in Sources */ = {isa = PBXBuildFile; fileRef = AD31FA412B57E783007C0C96 /* AppDelegate.swift */; };
		AD31FA442B57E783007C0C96 /* SceneDelegate.swift in Sources */ = {isa = PBXBuildFile; fileRef = AD31FA432B57E783007C0C96 /* SceneDelegate.swift */; };
		AD31FA462B57E783007C0C96 /* ViewController.swift in Sources */ = {isa = PBXBuildFile; fileRef = AD31FA452B57E783007C0C96 /* ViewController.swift */; };
		AD31FA492B57E783007C0C96 /* Main.storyboard in Resources */ = {isa = PBXBuildFile; fileRef = AD31FA472B57E783007C0C96 /* Main.storyboard */; };
		AD31FA4B2B57E790007C0C96 /* Assets.xcassets in Resources */ = {isa = PBXBuildFile; fileRef = AD31FA4A2B57E790007C0C96 /* Assets.xcassets */; };
		AD31FA4E2B57E790007C0C96 /* LaunchScreen.storyboard in Resources */ = {isa = PBXBuildFile; fileRef = AD31FA4C2B57E790007C0C96 /* LaunchScreen.storyboard */; };
		AD31FA562B57F53B007C0C96 /* Splash.storyboard in Resources */ = {isa = PBXBuildFile; fileRef = AD31FA552B57F53B007C0C96 /* Splash.storyboard */; };
		AD31FA582B57F56A007C0C96 /* SplashViewController.swift in Sources */ = {isa = PBXBuildFile; fileRef = AD31FA572B57F56A007C0C96 /* SplashViewController.swift */; };
		AD31FA5B2B590E22007C0C96 /* Lottie in Frameworks */ = {isa = PBXBuildFile; productRef = AD31FA5A2B590E22007C0C96 /* Lottie */; };
/* End PBXBuildFile section */

/* Begin PBXFileReference section */
		AD19D6A52B5BA564007DAF6C /* Images.xcassets */ = {isa = PBXFileReference; lastKnownFileType = folder.assetcatalog; path = Images.xcassets; sourceTree = "<group>"; };
		AD19D6A72B5BA88C007DAF6C /* CPImage.swift */ = {isa = PBXFileReference; lastKnownFileType = sourcecode.swift; path = CPImage.swift; sourceTree = "<group>"; };
		AD19D6A92B5BADC8007DAF6C /* Colors.xcassets */ = {isa = PBXFileReference; lastKnownFileType = folder.assetcatalog; path = Colors.xcassets; sourceTree = "<group>"; };
		AD19D6AB2B5BAF78007DAF6C /* CPColor.swift */ = {isa = PBXFileReference; lastKnownFileType = sourcecode.swift; path = CPColor.swift; sourceTree = "<group>"; };
		AD19D6AD2B5BB03A007DAF6C /* CPFont.swift */ = {isa = PBXFileReference; lastKnownFileType = sourcecode.swift; path = CPFont.swift; sourceTree = "<group>"; };
		AD31FA3E2B57E783007C0C96 /* Cproject.app */ = {isa = PBXFileReference; explicitFileType = wrapper.application; includeInIndex = 0; path = Cproject.app; sourceTree = BUILT_PRODUCTS_DIR; };
		AD31FA412B57E783007C0C96 /* AppDelegate.swift */ = {isa = PBXFileReference; lastKnownFileType = sourcecode.swift; path = AppDelegate.swift; sourceTree = "<group>"; };
		AD31FA432B57E783007C0C96 /* SceneDelegate.swift */ = {isa = PBXFileReference; lastKnownFileType = sourcecode.swift; path = SceneDelegate.swift; sourceTree = "<group>"; };
		AD31FA452B57E783007C0C96 /* ViewController.swift */ = {isa = PBXFileReference; lastKnownFileType = sourcecode.swift; path = ViewController.swift; sourceTree = "<group>"; };
		AD31FA482B57E783007C0C96 /* Base */ = {isa = PBXFileReference; lastKnownFileType = file.storyboard; name = Base; path = Base.lproj/Main.storyboard; sourceTree = "<group>"; };
		AD31FA4A2B57E790007C0C96 /* Assets.xcassets */ = {isa = PBXFileReference; lastKnownFileType = folder.assetcatalog; path = Assets.xcassets; sourceTree = "<group>"; };
		AD31FA4D2B57E790007C0C96 /* Base */ = {isa = PBXFileReference; lastKnownFileType = file.storyboard; name = Base; path = Base.lproj/LaunchScreen.storyboard; sourceTree = "<group>"; };
		AD31FA4F2B57E790007C0C96 /* Info.plist */ = {isa = PBXFileReference; lastKnownFileType = text.plist.xml; path = Info.plist; sourceTree = "<group>"; };
		AD31FA552B57F53B007C0C96 /* Splash.storyboard */ = {isa = PBXFileReference; lastKnownFileType = file.storyboard; path = Splash.storyboard; sourceTree = "<group>"; };
		AD31FA572B57F56A007C0C96 /* SplashViewController.swift */ = {isa = PBXFileReference; lastKnownFileType = sourcecode.swift; path = SplashViewController.swift; sourceTree = "<group>"; };
/* End PBXFileReference section */

/* Begin PBXFrameworksBuildPhase section */
		AD31FA3B2B57E783007C0C96 /* Frameworks */ = {
			isa = PBXFrameworksBuildPhase;
			buildActionMask = 2147483647;
			files = (
				AD31FA5B2B590E22007C0C96 /* Lottie in Frameworks */,
			);
			runOnlyForDeploymentPostprocessing = 0;
		};
/* End PBXFrameworksBuildPhase section */

/* Begin PBXGroup section */
		AD19D6A42B5BA536007DAF6C /* DesignSource */ = {
			isa = PBXGroup;
			children = (
				AD19D6A52B5BA564007DAF6C /* Images.xcassets */,
				AD19D6A72B5BA88C007DAF6C /* CPImage.swift */,
				AD19D6A92B5BADC8007DAF6C /* Colors.xcassets */,
				AD19D6AB2B5BAF78007DAF6C /* CPColor.swift */,
				AD19D6AD2B5BB03A007DAF6C /* CPFont.swift */,
			);
			path = DesignSource;
			sourceTree = "<group>";
		};
		AD31FA352B57E783007C0C96 = {
			isa = PBXGroup;
			children = (
				AD31FA402B57E783007C0C96 /* Cproject */,
				AD31FA3F2B57E783007C0C96 /* Products */,
			);
			sourceTree = "<group>";
		};
		AD31FA3F2B57E783007C0C96 /* Products */ = {
			isa = PBXGroup;
			children = (
				AD31FA3E2B57E783007C0C96 /* Cproject.app */,
			);
			name = Products;
			sourceTree = "<group>";
		};
		AD31FA402B57E783007C0C96 /* Cproject */ = {
			isa = PBXGroup;
			children = (
				AD19D6A42B5BA536007DAF6C /* DesignSource */,
				AD31FA412B57E783007C0C96 /* AppDelegate.swift */,
				AD31FA432B57E783007C0C96 /* SceneDelegate.swift */,
				AD31FA452B57E783007C0C96 /* ViewController.swift */,
				AD31FA472B57E783007C0C96 /* Main.storyboard */,
				AD31FA4A2B57E790007C0C96 /* Assets.xcassets */,
				AD31FA4C2B57E790007C0C96 /* LaunchScreen.storyboard */,
				AD31FA4F2B57E790007C0C96 /* Info.plist */,
				AD31FA552B57F53B007C0C96 /* Splash.storyboard */,
				AD31FA572B57F56A007C0C96 /* SplashViewController.swift */,
			);
			path = Cproject;
			sourceTree = "<group>";
		};
/* End PBXGroup section */

/* Begin PBXNativeTarget section */
		AD31FA3D2B57E783007C0C96 /* Cproject */ = {
			isa = PBXNativeTarget;
			buildConfigurationList = AD31FA522B57E790007C0C96 /* Build configuration list for PBXNativeTarget "Cproject" */;
			buildPhases = (
				AD31FA3A2B57E783007C0C96 /* Sources */,
				AD31FA3B2B57E783007C0C96 /* Frameworks */,
				AD31FA3C2B57E783007C0C96 /* Resources */,
			);
			buildRules = (
			);
			dependencies = (
			);
			name = Cproject;
			packageProductDependencies = (
				AD31FA5A2B590E22007C0C96 /* Lottie */,
			);
			productName = Cproject;
			productReference = AD31FA3E2B57E783007C0C96 /* Cproject.app */;
			productType = "com.apple.product-type.application";
		};
/* End PBXNativeTarget section */

/* Begin PBXProject section */
		AD31FA362B57E783007C0C96 /* Project object */ = {
			isa = PBXProject;
			attributes = {
				BuildIndependentTargetsInParallel = 1;
				LastSwiftUpdateCheck = 1500;
				LastUpgradeCheck = 1500;
				TargetAttributes = {
					AD31FA3D2B57E783007C0C96 = {
						CreatedOnToolsVersion = 15.0.1;
					};
				};
			};
			buildConfigurationList = AD31FA392B57E783007C0C96 /* Build configuration list for PBXProject "Cproject" */;
			compatibilityVersion = "Xcode 14.0";
			developmentRegion = en;
			hasScannedForEncodings = 0;
			knownRegions = (
				en,
				Base,
			);
			mainGroup = AD31FA352B57E783007C0C96;
			packageReferences = (
				AD31FA592B590E22007C0C96 /* XCRemoteSwiftPackageReference "lottie-ios" */,
			);
			productRefGroup = AD31FA3F2B57E783007C0C96 /* Products */;
			projectDirPath = "";
			projectRoot = "";
			targets = (
				AD31FA3D2B57E783007C0C96 /* Cproject */,
			);
		};
/* End PBXProject section */

/* Begin PBXResourcesBuildPhase section */
		AD31FA3C2B57E783007C0C96 /* Resources */ = {
			isa = PBXResourcesBuildPhase;
			buildActionMask = 2147483647;
			files = (
				AD31FA4E2B57E790007C0C96 /* LaunchScreen.storyboard in Resources */,
				AD19D6A62B5BA564007DAF6C /* Images.xcassets in Resources */,
				AD31FA4B2B57E790007C0C96 /* Assets.xcassets in Resources */,
				AD19D6AA2B5BADC8007DAF6C /* Colors.xcassets in Resources */,
				AD31FA492B57E783007C0C96 /* Main.storyboard in Resources */,
				AD31FA562B57F53B007C0C96 /* Splash.storyboard in Resources */,
			);
			runOnlyForDeploymentPostprocessing = 0;
		};
/* End PBXResourcesBuildPhase section */

/* Begin PBXSourcesBuildPhase section */
		AD31FA3A2B57E783007C0C96 /* Sources */ = {
			isa = PBXSourcesBuildPhase;
			buildActionMask = 2147483647;
			files = (
				AD19D6AC2B5BAF78007DAF6C /* CPColor.swift in Sources */,
				AD31FA462B57E783007C0C96 /* ViewController.swift in Sources */,
				AD31FA422B57E783007C0C96 /* AppDelegate.swift in Sources */,
				AD19D6AE2B5BB03A007DAF6C /* CPFont.swift in Sources */,
				AD19D6A82B5BA88C007DAF6C /* CPImage.swift in Sources */,
				AD31FA442B57E783007C0C96 /* SceneDelegate.swift in Sources */,
				AD31FA582B57F56A007C0C96 /* SplashViewController.swift in Sources */,
			);
			runOnlyForDeploymentPostprocessing = 0;
		};
/* End PBXSourcesBuildPhase section */

/* Begin PBXVariantGroup section */
		AD31FA472B57E783007C0C96 /* Main.storyboard */ = {
			isa = PBXVariantGroup;
			children = (
				AD31FA482B57E783007C0C96 /* Base */,
			);
			name = Main.storyboard;
			sourceTree = "<group>";
		};
		AD31FA4C2B57E790007C0C96 /* LaunchScreen.storyboard */ = {
			isa = PBXVariantGroup;
			children = (
				AD31FA4D2B57E790007C0C96 /* Base */,
			);
			name = LaunchScreen.storyboard;
			sourceTree = "<group>";
		};
/* End PBXVariantGroup section */

/* Begin XCBuildConfiguration section */
		AD31FA502B57E790007C0C96 /* Debug */ = {
			isa = XCBuildConfiguration;
			buildSettings = {
				ALWAYS_SEARCH_USER_PATHS = NO;
				ASSETCATALOG_COMPILER_GENERATE_SWIFT_ASSET_SYMBOL_EXTENSIONS = YES;
				CLANG_ANALYZER_NONNULL = YES;
				CLANG_ANALYZER_NUMBER_OBJECT_CONVERSION = YES_AGGRESSIVE;
				CLANG_CXX_LANGUAGE_STANDARD = "gnu++20";
				CLANG_ENABLE_MODULES = YES;
				CLANG_ENABLE_OBJC_ARC = YES;
				CLANG_ENABLE_OBJC_WEAK = YES;
				CLANG_WARN_BLOCK_CAPTURE_AUTORELEASING = YES;
				CLANG_WARN_BOOL_CONVERSION = YES;
				CLANG_WARN_COMMA = YES;
				CLANG_WARN_CONSTANT_CONVERSION = YES;
				CLANG_WARN_DEPRECATED_OBJC_IMPLEMENTATIONS = YES;
				CLANG_WARN_DIRECT_OBJC_ISA_USAGE = YES_ERROR;
				CLANG_WARN_DOCUMENTATION_COMMENTS = YES;
				CLANG_WARN_EMPTY_BODY = YES;
				CLANG_WARN_ENUM_CONVERSION = YES;
				CLANG_WARN_INFINITE_RECURSION = YES;
				CLANG_WARN_INT_CONVERSION = YES;
				CLANG_WARN_NON_LITERAL_NULL_CONVERSION = YES;
				CLANG_WARN_OBJC_IMPLICIT_RETAIN_SELF = YES;
				CLANG_WARN_OBJC_LITERAL_CONVERSION = YES;
				CLANG_WARN_OBJC_ROOT_CLASS = YES_ERROR;
				CLANG_WARN_QUOTED_INCLUDE_IN_FRAMEWORK_HEADER = YES;
				CLANG_WARN_RANGE_LOOP_ANALYSIS = YES;
				CLANG_WARN_STRICT_PROTOTYPES = YES;
				CLANG_WARN_SUSPICIOUS_MOVE = YES;
				CLANG_WARN_UNGUARDED_AVAILABILITY = YES_AGGRESSIVE;
				CLANG_WARN_UNREACHABLE_CODE = YES;
				CLANG_WARN__DUPLICATE_METHOD_MATCH = YES;
				COPY_PHASE_STRIP = NO;
				DEBUG_INFORMATION_FORMAT = dwarf;
				ENABLE_STRICT_OBJC_MSGSEND = YES;
				ENABLE_TESTABILITY = YES;
				ENABLE_USER_SCRIPT_SANDBOXING = YES;
				GCC_C_LANGUAGE_STANDARD = gnu17;
				GCC_DYNAMIC_NO_PIC = NO;
				GCC_NO_COMMON_BLOCKS = YES;
				GCC_OPTIMIZATION_LEVEL = 0;
				GCC_PREPROCESSOR_DEFINITIONS = (
					"DEBUG=1",
					"$(inherited)",
				);
				GCC_WARN_64_TO_32_BIT_CONVERSION = YES;
				GCC_WARN_ABOUT_RETURN_TYPE = YES_ERROR;
				GCC_WARN_UNDECLARED_SELECTOR = YES;
				GCC_WARN_UNINITIALIZED_AUTOS = YES_AGGRESSIVE;
				GCC_WARN_UNUSED_FUNCTION = YES;
				GCC_WARN_UNUSED_VARIABLE = YES;
				IPHONEOS_DEPLOYMENT_TARGET = 17.0;
				LOCALIZATION_PREFERS_STRING_CATALOGS = YES;
				MTL_ENABLE_DEBUG_INFO = INCLUDE_SOURCE;
				MTL_FAST_MATH = YES;
				ONLY_ACTIVE_ARCH = YES;
				SDKROOT = iphoneos;
				SWIFT_ACTIVE_COMPILATION_CONDITIONS = "DEBUG $(inherited)";
				SWIFT_OPTIMIZATION_LEVEL = "-Onone";
			};
			name = Debug;
		};
		AD31FA512B57E790007C0C96 /* Release */ = {
			isa = XCBuildConfiguration;
			buildSettings = {
				ALWAYS_SEARCH_USER_PATHS = NO;
				ASSETCATALOG_COMPILER_GENERATE_SWIFT_ASSET_SYMBOL_EXTENSIONS = YES;
				CLANG_ANALYZER_NONNULL = YES;
				CLANG_ANALYZER_NUMBER_OBJECT_CONVERSION = YES_AGGRESSIVE;
				CLANG_CXX_LANGUAGE_STANDARD = "gnu++20";
				CLANG_ENABLE_MODULES = YES;
				CLANG_ENABLE_OBJC_ARC = YES;
				CLANG_ENABLE_OBJC_WEAK = YES;
				CLANG_WARN_BLOCK_CAPTURE_AUTORELEASING = YES;
				CLANG_WARN_BOOL_CONVERSION = YES;
				CLANG_WARN_COMMA = YES;
				CLANG_WARN_CONSTANT_CONVERSION = YES;
				CLANG_WARN_DEPRECATED_OBJC_IMPLEMENTATIONS = YES;
				CLANG_WARN_DIRECT_OBJC_ISA_USAGE = YES_ERROR;
				CLANG_WARN_DOCUMENTATION_COMMENTS = YES;
				CLANG_WARN_EMPTY_BODY = YES;
				CLANG_WARN_ENUM_CONVERSION = YES;
				CLANG_WARN_INFINITE_RECURSION = YES;
				CLANG_WARN_INT_CONVERSION = YES;
				CLANG_WARN_NON_LITERAL_NULL_CONVERSION = YES;
				CLANG_WARN_OBJC_IMPLICIT_RETAIN_SELF = YES;
				CLANG_WARN_OBJC_LITERAL_CONVERSION = YES;
				CLANG_WARN_OBJC_ROOT_CLASS = YES_ERROR;
				CLANG_WARN_QUOTED_INCLUDE_IN_FRAMEWORK_HEADER = YES;
				CLANG_WARN_RANGE_LOOP_ANALYSIS = YES;
				CLANG_WARN_STRICT_PROTOTYPES = YES;
				CLANG_WARN_SUSPICIOUS_MOVE = YES;
				CLANG_WARN_UNGUARDED_AVAILABILITY = YES_AGGRESSIVE;
				CLANG_WARN_UNREACHABLE_CODE = YES;
				CLANG_WARN__DUPLICATE_METHOD_MATCH = YES;
				COPY_PHASE_STRIP = NO;
				DEBUG_INFORMATION_FORMAT = "dwarf-with-dsym";
				ENABLE_NS_ASSERTIONS = NO;
				ENABLE_STRICT_OBJC_MSGSEND = YES;
				ENABLE_USER_SCRIPT_SANDBOXING = YES;
				GCC_C_LANGUAGE_STANDARD = gnu17;
				GCC_NO_COMMON_BLOCKS = YES;
				GCC_WARN_64_TO_32_BIT_CONVERSION = YES;
				GCC_WARN_ABOUT_RETURN_TYPE = YES_ERROR;
				GCC_WARN_UNDECLARED_SELECTOR = YES;
				GCC_WARN_UNINITIALIZED_AUTOS = YES_AGGRESSIVE;
				GCC_WARN_UNUSED_FUNCTION = YES;
				GCC_WARN_UNUSED_VARIABLE = YES;
				IPHONEOS_DEPLOYMENT_TARGET = 17.0;
				LOCALIZATION_PREFERS_STRING_CATALOGS = YES;
				MTL_ENABLE_DEBUG_INFO = NO;
				MTL_FAST_MATH = YES;
				SDKROOT = iphoneos;
				SWIFT_COMPILATION_MODE = wholemodule;
				VALIDATE_PRODUCT = YES;
			};
			name = Release;
		};
		AD31FA532B57E790007C0C96 /* Debug */ = {
			isa = XCBuildConfiguration;
			buildSettings = {
				ASSETCATALOG_COMPILER_APPICON_NAME = AppIcon;
				ASSETCATALOG_COMPILER_GLOBAL_ACCENT_COLOR_NAME = AccentColor;
				CODE_SIGN_STYLE = Automatic;
				CURRENT_PROJECT_VERSION = 1;
				GENERATE_INFOPLIST_FILE = YES;
				INFOPLIST_FILE = Cproject/Info.plist;
				INFOPLIST_KEY_UIApplicationSupportsIndirectInputEvents = YES;
				INFOPLIST_KEY_UILaunchStoryboardName = LaunchScreen;
				INFOPLIST_KEY_UIMainStoryboardFile = Splash;
				INFOPLIST_KEY_UISupportedInterfaceOrientations_iPad = "UIInterfaceOrientationPortrait UIInterfaceOrientationPortraitUpsideDown UIInterfaceOrientationLandscapeLeft UIInterfaceOrientationLandscapeRight";
				INFOPLIST_KEY_UISupportedInterfaceOrientations_iPhone = "UIInterfaceOrientationPortrait UIInterfaceOrientationLandscapeLeft UIInterfaceOrientationLandscapeRight";
				LD_RUNPATH_SEARCH_PATHS = (
					"$(inherited)",
					"@executable_path/Frameworks",
				);
				MARKETING_VERSION = 1.0;
				PRODUCT_BUNDLE_IDENTIFIER = anyong.Cproject;
				PRODUCT_NAME = "$(TARGET_NAME)";
				SWIFT_EMIT_LOC_STRINGS = YES;
				SWIFT_VERSION = 5.0;
				TARGETED_DEVICE_FAMILY = "1,2";
			};
			name = Debug;
		};
		AD31FA542B57E790007C0C96 /* Release */ = {
			isa = XCBuildConfiguration;
			buildSettings = {
				ASSETCATALOG_COMPILER_APPICON_NAME = AppIcon;
				ASSETCATALOG_COMPILER_GLOBAL_ACCENT_COLOR_NAME = AccentColor;
				CODE_SIGN_STYLE = Automatic;
				CURRENT_PROJECT_VERSION = 1;
				GENERATE_INFOPLIST_FILE = YES;
				INFOPLIST_FILE = Cproject/Info.plist;
				INFOPLIST_KEY_UIApplicationSupportsIndirectInputEvents = YES;
				INFOPLIST_KEY_UILaunchStoryboardName = LaunchScreen;
				INFOPLIST_KEY_UIMainStoryboardFile = Splash;
				INFOPLIST_KEY_UISupportedInterfaceOrientations_iPad = "UIInterfaceOrientationPortrait UIInterfaceOrientationPortraitUpsideDown UIInterfaceOrientationLandscapeLeft UIInterfaceOrientationLandscapeRight";
				INFOPLIST_KEY_UISupportedInterfaceOrientations_iPhone = "UIInterfaceOrientationPortrait UIInterfaceOrientationLandscapeLeft UIInterfaceOrientationLandscapeRight";
				LD_RUNPATH_SEARCH_PATHS = (
					"$(inherited)",
					"@executable_path/Frameworks",
				);
				MARKETING_VERSION = 1.0;
				PRODUCT_BUNDLE_IDENTIFIER = anyong.Cproject;
				PRODUCT_NAME = "$(TARGET_NAME)";
				SWIFT_EMIT_LOC_STRINGS = YES;
				SWIFT_VERSION = 5.0;
				TARGETED_DEVICE_FAMILY = "1,2";
			};
			name = Release;
		};
/* End XCBuildConfiguration section */

/* Begin XCConfigurationList section */
		AD31FA392B57E783007C0C96 /* Build configuration list for PBXProject "Cproject" */ = {
			isa = XCConfigurationList;
			buildConfigurations = (
				AD31FA502B57E790007C0C96 /* Debug */,
				AD31FA512B57E790007C0C96 /* Release */,
			);
			defaultConfigurationIsVisible = 0;
			defaultConfigurationName = Release;
		};
		AD31FA522B57E790007C0C96 /* Build configuration list for PBXNativeTarget "Cproject" */ = {
			isa = XCConfigurationList;
			buildConfigurations = (
				AD31FA532B57E790007C0C96 /* Debug */,
				AD31FA542B57E790007C0C96 /* Release */,
			);
			defaultConfigurationIsVisible = 0;
			defaultConfigurationName = Release;
		};
/* End XCConfigurationList section */

/* Begin XCRemoteSwiftPackageReference section */
		AD31FA592B590E22007C0C96 /* XCRemoteSwiftPackageReference "lottie-ios" */ = {
			isa = XCRemoteSwiftPackageReference;
			repositoryURL = "https://github.com/airbnb/lottie-ios.git";
			requirement = {
				kind = upToNextMajorVersion;
				minimumVersion = 4.3.4;
			};
		};
/* End XCRemoteSwiftPackageReference section */

/* Begin XCSwiftPackageProductDependency section */
		AD31FA5A2B590E22007C0C96 /* Lottie */ = {
			isa = XCSwiftPackageProductDependency;
			package = AD31FA592B590E22007C0C96 /* XCRemoteSwiftPackageReference "lottie-ios" */;
			productName = Lottie;
		};
/* End XCSwiftPackageProductDependency section */
	};
	rootObject = AD31FA362B57E783007C0C96 /* Project object */;
}
