// !$*UTF8*$!
{
	archiveVersion = 1;
	classes = {
	};
	objectVersion = 56;
	objects = {

/* Begin PBXBuildFile section */
		AD19D6A62B5BA564007DAF6C /* Images.xcassets in Resources */ = {isa = PBXBuildFile; fileRef = AD19D6A52B5BA564007DAF6C /* Images.xcassets */; };
		AD19D6A82B5BA88C007DAF6C /* CPImage.swift in Sources */ = {isa = PBXBuildFile; fileRef = AD19D6A72B5BA88C007DAF6C /* CPImage.swift */; };
		AD19D6AA2B5BADC8007DAF6C /* Colors.xcassets in Resources */ = {isa = PBXBuildFile; fileRef = AD19D6A92B5BADC8007DAF6C /* Colors.xcassets */; };
		AD19D6AC2B5BAF78007DAF6C /* CPColor.swift in Sources */ = {isa = PBXBuildFile; fileRef = AD19D6AB2B5BAF78007DAF6C /* CPColor.swift */; };
		AD19D6AE2B5BB03A007DAF6C /* CPFont.swift in Sources */ = {isa = PBXBuildFile; fileRef = AD19D6AD2B5BB03A007DAF6C /* CPFont.swift */; };
		AD19D6B22B5BBABD007DAF6C /* HomeViewController.swift in Sources */ = {isa = PBXBuildFile; fileRef = AD19D6B12B5BBABD007DAF6C /* HomeViewController.swift */; };
		AD19D6B42B5BC296007DAF6C /* Home.storyboard in Resources */ = {isa = PBXBuildFile; fileRef = AD19D6B32B5BC296007DAF6C /* Home.storyboard */; };
		AD19D6BA2B5BC794007DAF6C /* HomeBannerCollectionViewCell.swift in Sources */ = {isa = PBXBuildFile; fileRef = AD19D6B92B5BC794007DAF6C /* HomeBannerCollectionViewCell.swift */; };
		AD19D6BC2B5D36BC007DAF6C /* HomeProductCollectionViewCell.swift in Sources */ = {isa = PBXBuildFile; fileRef = AD19D6BB2B5D36BC007DAF6C /* HomeProductCollectionViewCell.swift */; };
		AD19D6C02B5E5337007DAF6C /* NetworkService.swift in Sources */ = {isa = PBXBuildFile; fileRef = AD19D6BF2B5E5337007DAF6C /* NetworkService.swift */; };
		AD19D6C32B5E548D007DAF6C /* HomeResponse.swift in Sources */ = {isa = PBXBuildFile; fileRef = AD19D6C22B5E548D007DAF6C /* HomeResponse.swift */; };
		AD19D6C62B5E5D56007DAF6C /* Kingfisher in Frameworks */ = {isa = PBXBuildFile; productRef = AD19D6C52B5E5D56007DAF6C /* Kingfisher */; };
		AD19D6C82B5E5E86007DAF6C /* HomeViewModel.swift in Sources */ = {isa = PBXBuildFile; fileRef = AD19D6C72B5E5E86007DAF6C /* HomeViewModel.swift */; };
		AD19D6CB2B5E8252007DAF6C /* Numeric+Extensions.swift in Sources */ = {isa = PBXBuildFile; fileRef = AD19D6CA2B5E8252007DAF6C /* Numeric+Extensions.swift */; };
		AD19D6CD2B5E94EF007DAF6C /* HomeCouponButtonCollectionViewCell.swift in Sources */ = {isa = PBXBuildFile; fileRef = AD19D6CC2B5E94EF007DAF6C /* HomeCouponButtonCollectionViewCell.swift */; };
		AD31FA422B57E783007C0C96 /* AppDelegate.swift in Sources */ = {isa = PBXBuildFile; fileRef = AD31FA412B57E783007C0C96 /* AppDelegate.swift */; };
		AD31FA442B57E783007C0C96 /* SceneDelegate.swift in Sources */ = {isa = PBXBuildFile; fileRef = AD31FA432B57E783007C0C96 /* SceneDelegate.swift */; };
		AD31FA4B2B57E790007C0C96 /* Assets.xcassets in Resources */ = {isa = PBXBuildFile; fileRef = AD31FA4A2B57E790007C0C96 /* Assets.xcassets */; };
		AD31FA4E2B57E790007C0C96 /* LaunchScreen.storyboard in Resources */ = {isa = PBXBuildFile; fileRef = AD31FA4C2B57E790007C0C96 /* LaunchScreen.storyboard */; };
		AD31FA562B57F53B007C0C96 /* Splash.storyboard in Resources */ = {isa = PBXBuildFile; fileRef = AD31FA552B57F53B007C0C96 /* Splash.storyboard */; };
		AD31FA582B57F56A007C0C96 /* SplashViewController.swift in Sources */ = {isa = PBXBuildFile; fileRef = AD31FA572B57F56A007C0C96 /* SplashViewController.swift */; };
		AD31FA5B2B590E22007C0C96 /* Lottie in Frameworks */ = {isa = PBXBuildFile; productRef = AD31FA5A2B590E22007C0C96 /* Lottie */; };
		AD478B172B667AA3004FEF4A /* PurchaseRootView.swift in Sources */ = {isa = PBXBuildFile; fileRef = AD478B162B667AA3004FEF4A /* PurchaseRootView.swift */; };
		AD478B1A2B6781A5004FEF4A /* PaymentViewController.swift in Sources */ = {isa = PBXBuildFile; fileRef = AD478B192B6781A5004FEF4A /* PaymentViewController.swift */; };
		AD478B1C2B6781CA004FEF4A /* PaymentViewModel.swift in Sources */ = {isa = PBXBuildFile; fileRef = AD478B1B2B6781CA004FEF4A /* PaymentViewModel.swift */; };
		AD49EECF2B5EA49E0064FA5D /* HomeSeparateLineCollectionViewCell.swift in Sources */ = {isa = PBXBuildFile; fileRef = AD49EECE2B5EA49E0064FA5D /* HomeSeparateLineCollectionViewCell.swift */; };
		AD49EED12B5FCFC00064FA5D /* HomeThemeCollectionViewCell.swift in Sources */ = {isa = PBXBuildFile; fileRef = AD49EED02B5FCFC00064FA5D /* HomeThemeCollectionViewCell.swift */; };
		AD49EED32B60E9400064FA5D /* HomeThemeHeaderCollectionReusableView.swift in Sources */ = {isa = PBXBuildFile; fileRef = AD49EED22B60E9400064FA5D /* HomeThemeHeaderCollectionReusableView.swift */; };
		AD49EED52B60FF730064FA5D /* HomeCategoryCollectionViewCell.swift in Sources */ = {isa = PBXBuildFile; fileRef = AD49EED42B60FF730064FA5D /* HomeCategoryCollectionViewCell.swift */; };
		AD49EED82B6154970064FA5D /* Favorite.storyboard in Resources */ = {isa = PBXBuildFile; fileRef = AD49EED72B6154970064FA5D /* Favorite.storyboard */; };
		AD49EEDA2B6154C40064FA5D /* FavoriteViewController.swift in Sources */ = {isa = PBXBuildFile; fileRef = AD49EED92B6154C40064FA5D /* FavoriteViewController.swift */; };
		AD49EEDC2B6154E00064FA5D /* FavoriteViewModel.swift in Sources */ = {isa = PBXBuildFile; fileRef = AD49EEDB2B6154E00064FA5D /* FavoriteViewModel.swift */; };
		AD49EEDE2B6157560064FA5D /* FavoriteResponse.swift in Sources */ = {isa = PBXBuildFile; fileRef = AD49EEDD2B6157560064FA5D /* FavoriteResponse.swift */; };
		AD49EEE02B6157C60064FA5D /* Product.swift in Sources */ = {isa = PBXBuildFile; fileRef = AD49EEDF2B6157C60064FA5D /* Product.swift */; };
		AD49EEE32B615B660064FA5D /* PurchaseButton.swift in Sources */ = {isa = PBXBuildFile; fileRef = AD49EEE22B615B660064FA5D /* PurchaseButton.swift */; };
		AD49EEE52B615D180064FA5D /* FavoriteItemTableViewCell.swift in Sources */ = {isa = PBXBuildFile; fileRef = AD49EEE42B615D180064FA5D /* FavoriteItemTableViewCell.swift */; };
		AD87DFCD2B6793F9006EC8D5 /* test.html in Resources */ = {isa = PBXBuildFile; fileRef = AD478B1D2B6786F5004FEF4A /* test.html */; };
		AD9FBF8E2B624ADF002784AA /* DetailRootView.swift in Sources */ = {isa = PBXBuildFile; fileRef = AD9FBF8D2B624ADF002784AA /* DetailRootView.swift */; };
		AD9FBF902B624B07002784AA /* DetailViewModel.swift in Sources */ = {isa = PBXBuildFile; fileRef = AD9FBF8F2B624B07002784AA /* DetailViewModel.swift */; };
		AD9FBF922B624C7D002784AA /* ProductDetailResponse.swift in Sources */ = {isa = PBXBuildFile; fileRef = AD9FBF912B624C7D002784AA /* ProductDetailResponse.swift */; };
		AD9FBF942B625112002784AA /* DetailBannerView.swift in Sources */ = {isa = PBXBuildFile; fileRef = AD9FBF932B625112002784AA /* DetailBannerView.swift */; };
		AD9FBF962B6254D7002784AA /* DetailRateView.swift in Sources */ = {isa = PBXBuildFile; fileRef = AD9FBF952B6254D7002784AA /* DetailRateView.swift */; };
		AD9FBF982B62587D002784AA /* DetailOptionView.swift in Sources */ = {isa = PBXBuildFile; fileRef = AD9FBF972B62587D002784AA /* DetailOptionView.swift */; };
		AD9FBF9A2B625A2E002784AA /* DetailPriceView.swift in Sources */ = {isa = PBXBuildFile; fileRef = AD9FBF992B625A2E002784AA /* DetailPriceView.swift */; };
		AD9FBF9C2B62625E002784AA /* DetailMoreView.swift in Sources */ = {isa = PBXBuildFile; fileRef = AD9FBF9B2B62625E002784AA /* DetailMoreView.swift */; };
		AD9FBF9E2B626401002784AA /* DetailPurchaseView.swift in Sources */ = {isa = PBXBuildFile; fileRef = AD9FBF9D2B626401002784AA /* DetailPurchaseView.swift */; };
		AD9FBFA02B627250002784AA /* Detail.storyboard in Resources */ = {isa = PBXBuildFile; fileRef = AD9FBF9F2B627250002784AA /* Detail.storyboard */; };
		AD9FBFA22B627272002784AA /* DetailViewController.swift in Sources */ = {isa = PBXBuildFile; fileRef = AD9FBFA12B627272002784AA /* DetailViewController.swift */; };
		AD9FBFA52B627A61002784AA /* OptionViewController.swift in Sources */ = {isa = PBXBuildFile; fileRef = AD9FBFA42B627A61002784AA /* OptionViewController.swift */; };
		AD9FBFA72B627A6C002784AA /* OptionViewModel.swift in Sources */ = {isa = PBXBuildFile; fileRef = AD9FBFA62B627A6C002784AA /* OptionViewModel.swift */; };
		AD9FBFA92B627A7D002784AA /* OptionRootView.swift in Sources */ = {isa = PBXBuildFile; fileRef = AD9FBFA82B627A7D002784AA /* OptionRootView.swift */; };
		AD9FBFAC2B634594002784AA /* PurchaseViewController.swift in Sources */ = {isa = PBXBuildFile; fileRef = AD9FBFAB2B634594002784AA /* PurchaseViewController.swift */; };
		AD9FBFAE2B6345A2002784AA /* PurchaseViewModel.swift in Sources */ = {isa = PBXBuildFile; fileRef = AD9FBFAD2B6345A2002784AA /* PurchaseViewModel.swift */; };
		AD9FBFB02B634D58002784AA /* PurchaseSelectedItemView.swift in Sources */ = {isa = PBXBuildFile; fileRef = AD9FBFAF2B634D58002784AA /* PurchaseSelectedItemView.swift */; };
/* End PBXBuildFile section */

/* Begin PBXFileReference section */
		AD19D6A52B5BA564007DAF6C /* Images.xcassets */ = {isa = PBXFileReference; lastKnownFileType = folder.assetcatalog; path = Images.xcassets; sourceTree = "<group>"; };
		AD19D6A72B5BA88C007DAF6C /* CPImage.swift */ = {isa = PBXFileReference; lastKnownFileType = sourcecode.swift; path = CPImage.swift; sourceTree = "<group>"; };
		AD19D6A92B5BADC8007DAF6C /* Colors.xcassets */ = {isa = PBXFileReference; lastKnownFileType = folder.assetcatalog; path = Colors.xcassets; sourceTree = "<group>"; };
		AD19D6AB2B5BAF78007DAF6C /* CPColor.swift */ = {isa = PBXFileReference; lastKnownFileType = sourcecode.swift; path = CPColor.swift; sourceTree = "<group>"; };
		AD19D6AD2B5BB03A007DAF6C /* CPFont.swift */ = {isa = PBXFileReference; lastKnownFileType = sourcecode.swift; path = CPFont.swift; sourceTree = "<group>"; };
		AD19D6B12B5BBABD007DAF6C /* HomeViewController.swift */ = {isa = PBXFileReference; lastKnownFileType = sourcecode.swift; path = HomeViewController.swift; sourceTree = "<group>"; };
		AD19D6B32B5BC296007DAF6C /* Home.storyboard */ = {isa = PBXFileReference; lastKnownFileType = file.storyboard; path = Home.storyboard; sourceTree = "<group>"; };
		AD19D6B92B5BC794007DAF6C /* HomeBannerCollectionViewCell.swift */ = {isa = PBXFileReference; lastKnownFileType = sourcecode.swift; path = HomeBannerCollectionViewCell.swift; sourceTree = "<group>"; };
		AD19D6BB2B5D36BC007DAF6C /* HomeProductCollectionViewCell.swift */ = {isa = PBXFileReference; lastKnownFileType = sourcecode.swift; path = HomeProductCollectionViewCell.swift; sourceTree = "<group>"; };
		AD19D6BF2B5E5337007DAF6C /* NetworkService.swift */ = {isa = PBXFileReference; lastKnownFileType = sourcecode.swift; path = NetworkService.swift; sourceTree = "<group>"; };
		AD19D6C22B5E548D007DAF6C /* HomeResponse.swift */ = {isa = PBXFileReference; lastKnownFileType = sourcecode.swift; path = HomeResponse.swift; sourceTree = "<group>"; };
		AD19D6C72B5E5E86007DAF6C /* HomeViewModel.swift */ = {isa = PBXFileReference; lastKnownFileType = sourcecode.swift; path = HomeViewModel.swift; sourceTree = "<group>"; };
		AD19D6CA2B5E8252007DAF6C /* Numeric+Extensions.swift */ = {isa = PBXFileReference; lastKnownFileType = sourcecode.swift; path = "Numeric+Extensions.swift"; sourceTree = "<group>"; };
		AD19D6CC2B5E94EF007DAF6C /* HomeCouponButtonCollectionViewCell.swift */ = {isa = PBXFileReference; lastKnownFileType = sourcecode.swift; path = HomeCouponButtonCollectionViewCell.swift; sourceTree = "<group>"; };
		AD31FA3E2B57E783007C0C96 /* Cproject.app */ = {isa = PBXFileReference; explicitFileType = wrapper.application; includeInIndex = 0; path = Cproject.app; sourceTree = BUILT_PRODUCTS_DIR; };
		AD31FA412B57E783007C0C96 /* AppDelegate.swift */ = {isa = PBXFileReference; lastKnownFileType = sourcecode.swift; path = AppDelegate.swift; sourceTree = "<group>"; };
		AD31FA432B57E783007C0C96 /* SceneDelegate.swift */ = {isa = PBXFileReference; lastKnownFileType = sourcecode.swift; path = SceneDelegate.swift; sourceTree = "<group>"; };
		AD31FA4A2B57E790007C0C96 /* Assets.xcassets */ = {isa = PBXFileReference; lastKnownFileType = folder.assetcatalog; path = Assets.xcassets; sourceTree = "<group>"; };
		AD31FA4D2B57E790007C0C96 /* Base */ = {isa = PBXFileReference; lastKnownFileType = file.storyboard; name = Base; path = Base.lproj/LaunchScreen.storyboard; sourceTree = "<group>"; };
		AD31FA4F2B57E790007C0C96 /* Info.plist */ = {isa = PBXFileReference; lastKnownFileType = text.plist.xml; path = Info.plist; sourceTree = "<group>"; };
		AD31FA552B57F53B007C0C96 /* Splash.storyboard */ = {isa = PBXFileReference; lastKnownFileType = file.storyboard; path = Splash.storyboard; sourceTree = "<group>"; };
		AD31FA572B57F56A007C0C96 /* SplashViewController.swift */ = {isa = PBXFileReference; lastKnownFileType = sourcecode.swift; path = SplashViewController.swift; sourceTree = "<group>"; };
		AD478B162B667AA3004FEF4A /* PurchaseRootView.swift */ = {isa = PBXFileReference; lastKnownFileType = sourcecode.swift; path = PurchaseRootView.swift; sourceTree = "<group>"; };
		AD478B192B6781A5004FEF4A /* PaymentViewController.swift */ = {isa = PBXFileReference; lastKnownFileType = sourcecode.swift; path = PaymentViewController.swift; sourceTree = "<group>"; };
		AD478B1B2B6781CA004FEF4A /* PaymentViewModel.swift */ = {isa = PBXFileReference; lastKnownFileType = sourcecode.swift; path = PaymentViewModel.swift; sourceTree = "<group>"; };
		AD478B1D2B6786F5004FEF4A /* test.html */ = {isa = PBXFileReference; lastKnownFileType = text.html; path = test.html; sourceTree = "<group>"; };
		AD49EECE2B5EA49E0064FA5D /* HomeSeparateLineCollectionViewCell.swift */ = {isa = PBXFileReference; lastKnownFileType = sourcecode.swift; path = HomeSeparateLineCollectionViewCell.swift; sourceTree = "<group>"; };
		AD49EED02B5FCFC00064FA5D /* HomeThemeCollectionViewCell.swift */ = {isa = PBXFileReference; lastKnownFileType = sourcecode.swift; path = HomeThemeCollectionViewCell.swift; sourceTree = "<group>"; };
		AD49EED22B60E9400064FA5D /* HomeThemeHeaderCollectionReusableView.swift */ = {isa = PBXFileReference; lastKnownFileType = sourcecode.swift; path = HomeThemeHeaderCollectionReusableView.swift; sourceTree = "<group>"; };
		AD49EED42B60FF730064FA5D /* HomeCategoryCollectionViewCell.swift */ = {isa = PBXFileReference; lastKnownFileType = sourcecode.swift; path = HomeCategoryCollectionViewCell.swift; sourceTree = "<group>"; };
		AD49EED72B6154970064FA5D /* Favorite.storyboard */ = {isa = PBXFileReference; lastKnownFileType = file.storyboard; path = Favorite.storyboard; sourceTree = "<group>"; };
		AD49EED92B6154C40064FA5D /* FavoriteViewController.swift */ = {isa = PBXFileReference; lastKnownFileType = sourcecode.swift; path = FavoriteViewController.swift; sourceTree = "<group>"; };
		AD49EEDB2B6154E00064FA5D /* FavoriteViewModel.swift */ = {isa = PBXFileReference; lastKnownFileType = sourcecode.swift; path = FavoriteViewModel.swift; sourceTree = "<group>"; };
		AD49EEDD2B6157560064FA5D /* FavoriteResponse.swift */ = {isa = PBXFileReference; lastKnownFileType = sourcecode.swift; path = FavoriteResponse.swift; sourceTree = "<group>"; };
		AD49EEDF2B6157C60064FA5D /* Product.swift */ = {isa = PBXFileReference; lastKnownFileType = sourcecode.swift; path = Product.swift; sourceTree = "<group>"; };
		AD49EEE22B615B660064FA5D /* PurchaseButton.swift */ = {isa = PBXFileReference; lastKnownFileType = sourcecode.swift; path = PurchaseButton.swift; sourceTree = "<group>"; };
		AD49EEE42B615D180064FA5D /* FavoriteItemTableViewCell.swift */ = {isa = PBXFileReference; lastKnownFileType = sourcecode.swift; path = FavoriteItemTableViewCell.swift; sourceTree = "<group>"; };
		AD9FBF8D2B624ADF002784AA /* DetailRootView.swift */ = {isa = PBXFileReference; lastKnownFileType = sourcecode.swift; path = DetailRootView.swift; sourceTree = "<group>"; };
		AD9FBF8F2B624B07002784AA /* DetailViewModel.swift */ = {isa = PBXFileReference; lastKnownFileType = sourcecode.swift; path = DetailViewModel.swift; sourceTree = "<group>"; };
		AD9FBF912B624C7D002784AA /* ProductDetailResponse.swift */ = {isa = PBXFileReference; lastKnownFileType = sourcecode.swift; path = ProductDetailResponse.swift; sourceTree = "<group>"; };
		AD9FBF932B625112002784AA /* DetailBannerView.swift */ = {isa = PBXFileReference; lastKnownFileType = sourcecode.swift; path = DetailBannerView.swift; sourceTree = "<group>"; };
		AD9FBF952B6254D7002784AA /* DetailRateView.swift */ = {isa = PBXFileReference; lastKnownFileType = sourcecode.swift; path = DetailRateView.swift; sourceTree = "<group>"; };
		AD9FBF972B62587D002784AA /* DetailOptionView.swift */ = {isa = PBXFileReference; lastKnownFileType = sourcecode.swift; path = DetailOptionView.swift; sourceTree = "<group>"; };
		AD9FBF992B625A2E002784AA /* DetailPriceView.swift */ = {isa = PBXFileReference; lastKnownFileType = sourcecode.swift; path = DetailPriceView.swift; sourceTree = "<group>"; };
		AD9FBF9B2B62625E002784AA /* DetailMoreView.swift */ = {isa = PBXFileReference; lastKnownFileType = sourcecode.swift; path = DetailMoreView.swift; sourceTree = "<group>"; };
		AD9FBF9D2B626401002784AA /* DetailPurchaseView.swift */ = {isa = PBXFileReference; lastKnownFileType = sourcecode.swift; path = DetailPurchaseView.swift; sourceTree = "<group>"; };
		AD9FBF9F2B627250002784AA /* Detail.storyboard */ = {isa = PBXFileReference; lastKnownFileType = file.storyboard; path = Detail.storyboard; sourceTree = "<group>"; };
		AD9FBFA12B627272002784AA /* DetailViewController.swift */ = {isa = PBXFileReference; lastKnownFileType = sourcecode.swift; path = DetailViewController.swift; sourceTree = "<group>"; };
		AD9FBFA42B627A61002784AA /* OptionViewController.swift */ = {isa = PBXFileReference; lastKnownFileType = sourcecode.swift; path = OptionViewController.swift; sourceTree = "<group>"; };
		AD9FBFA62B627A6C002784AA /* OptionViewModel.swift */ = {isa = PBXFileReference; lastKnownFileType = sourcecode.swift; path = OptionViewModel.swift; sourceTree = "<group>"; };
		AD9FBFA82B627A7D002784AA /* OptionRootView.swift */ = {isa = PBXFileReference; lastKnownFileType = sourcecode.swift; path = OptionRootView.swift; sourceTree = "<group>"; };
		AD9FBFAB2B634594002784AA /* PurchaseViewController.swift */ = {isa = PBXFileReference; lastKnownFileType = sourcecode.swift; path = PurchaseViewController.swift; sourceTree = "<group>"; };
		AD9FBFAD2B6345A2002784AA /* PurchaseViewModel.swift */ = {isa = PBXFileReference; lastKnownFileType = sourcecode.swift; path = PurchaseViewModel.swift; sourceTree = "<group>"; };
		AD9FBFAF2B634D58002784AA /* PurchaseSelectedItemView.swift */ = {isa = PBXFileReference; lastKnownFileType = sourcecode.swift; path = PurchaseSelectedItemView.swift; sourceTree = "<group>"; };
/* End PBXFileReference section */

/* Begin PBXFrameworksBuildPhase section */
		AD31FA3B2B57E783007C0C96 /* Frameworks */ = {
			isa = PBXFrameworksBuildPhase;
			buildActionMask = 2147483647;
			files = (
				AD19D6C62B5E5D56007DAF6C /* Kingfisher in Frameworks */,
				AD31FA5B2B590E22007C0C96 /* Lottie in Frameworks */,
			);
			runOnlyForDeploymentPostprocessing = 0;
		};
/* End PBXFrameworksBuildPhase section */

/* Begin PBXGroup section */
		AD19D6A42B5BA536007DAF6C /* DesignSource */ = {
			isa = PBXGroup;
			children = (
				AD31FA4A2B57E790007C0C96 /* Assets.xcassets */,
				AD19D6A52B5BA564007DAF6C /* Images.xcassets */,
				AD19D6A72B5BA88C007DAF6C /* CPImage.swift */,
				AD19D6A92B5BADC8007DAF6C /* Colors.xcassets */,
				AD19D6AB2B5BAF78007DAF6C /* CPColor.swift */,
				AD19D6AD2B5BB03A007DAF6C /* CPFont.swift */,
			);
			path = DesignSource;
			sourceTree = "<group>";
		};
		AD19D6B52B5BC474007DAF6C /* Feature */ = {
			isa = PBXGroup;
			children = (
				AD478B182B67817E004FEF4A /* Payment */,
				AD9FBFAA2B634580002784AA /* Purchase */,
				AD19D6B62B5BC490007DAF6C /* Splash */,
				AD19D6B72B5BC4B0007DAF6C /* Home */,
				AD9FBF8B2B624AA2002784AA /* Detail */,
				AD9FBFA32B627A39002784AA /* Option */,
				AD49EED62B6154750064FA5D /* Favorite */,
			);
			path = Feature;
			sourceTree = "<group>";
		};
		AD19D6B62B5BC490007DAF6C /* Splash */ = {
			isa = PBXGroup;
			children = (
				AD31FA4C2B57E790007C0C96 /* LaunchScreen.storyboard */,
				AD31FA552B57F53B007C0C96 /* Splash.storyboard */,
				AD31FA572B57F56A007C0C96 /* SplashViewController.swift */,
			);
			path = Splash;
			sourceTree = "<group>";
		};
		AD19D6B72B5BC4B0007DAF6C /* Home */ = {
			isa = PBXGroup;
			children = (
				AD19D6BD2B5E4A58007DAF6C /* View */,
				AD19D6B32B5BC296007DAF6C /* Home.storyboard */,
				AD19D6B12B5BBABD007DAF6C /* HomeViewController.swift */,
				AD19D6C72B5E5E86007DAF6C /* HomeViewModel.swift */,
			);
			path = Home;
			sourceTree = "<group>";
		};
		AD19D6B82B5BC4C1007DAF6C /* Delegates */ = {
			isa = PBXGroup;
			children = (
				AD31FA412B57E783007C0C96 /* AppDelegate.swift */,
				AD31FA432B57E783007C0C96 /* SceneDelegate.swift */,
			);
			path = Delegates;
			sourceTree = "<group>";
		};
		AD19D6BD2B5E4A58007DAF6C /* View */ = {
			isa = PBXGroup;
			children = (
				AD19D6B92B5BC794007DAF6C /* HomeBannerCollectionViewCell.swift */,
				AD19D6BB2B5D36BC007DAF6C /* HomeProductCollectionViewCell.swift */,
				AD19D6CC2B5E94EF007DAF6C /* HomeCouponButtonCollectionViewCell.swift */,
				AD49EECE2B5EA49E0064FA5D /* HomeSeparateLineCollectionViewCell.swift */,
				AD49EED02B5FCFC00064FA5D /* HomeThemeCollectionViewCell.swift */,
				AD49EED22B60E9400064FA5D /* HomeThemeHeaderCollectionReusableView.swift */,
				AD49EED42B60FF730064FA5D /* HomeCategoryCollectionViewCell.swift */,
			);
			path = View;
			sourceTree = "<group>";
		};
		AD19D6BE2B5E531A007DAF6C /* Network */ = {
			isa = PBXGroup;
			children = (
				AD19D6BF2B5E5337007DAF6C /* NetworkService.swift */,
			);
			path = Network;
			sourceTree = "<group>";
		};
		AD19D6C12B5E546A007DAF6C /* Model */ = {
			isa = PBXGroup;
			children = (
				AD19D6C22B5E548D007DAF6C /* HomeResponse.swift */,
				AD49EEDD2B6157560064FA5D /* FavoriteResponse.swift */,
				AD49EEDF2B6157C60064FA5D /* Product.swift */,
				AD9FBF912B624C7D002784AA /* ProductDetailResponse.swift */,
			);
			path = Model;
			sourceTree = "<group>";
		};
		AD19D6C92B5E822A007DAF6C /* Extensions */ = {
			isa = PBXGroup;
			children = (
				AD19D6CA2B5E8252007DAF6C /* Numeric+Extensions.swift */,
			);
			path = Extensions;
			sourceTree = "<group>";
		};
		AD31FA352B57E783007C0C96 = {
			isa = PBXGroup;
			children = (
				AD31FA402B57E783007C0C96 /* Cproject */,
				AD31FA3F2B57E783007C0C96 /* Products */,
			);
			sourceTree = "<group>";
		};
		AD31FA3F2B57E783007C0C96 /* Products */ = {
			isa = PBXGroup;
			children = (
				AD31FA3E2B57E783007C0C96 /* Cproject.app */,
			);
			name = Products;
			sourceTree = "<group>";
		};
		AD31FA402B57E783007C0C96 /* Cproject */ = {
			isa = PBXGroup;
			children = (
				AD19D6C92B5E822A007DAF6C /* Extensions */,
				AD19D6B82B5BC4C1007DAF6C /* Delegates */,
				AD19D6A42B5BA536007DAF6C /* DesignSource */,
				AD19D6BE2B5E531A007DAF6C /* Network */,
				AD19D6C12B5E546A007DAF6C /* Model */,
				AD19D6B52B5BC474007DAF6C /* Feature */,
				AD31FA4F2B57E790007C0C96 /* Info.plist */,
				AD478B1D2B6786F5004FEF4A /* test.html */,
			);
			path = Cproject;
			sourceTree = "<group>";
		};
		AD478B152B667A66004FEF4A /* View */ = {
			isa = PBXGroup;
			children = (
				AD478B162B667AA3004FEF4A /* PurchaseRootView.swift */,
			);
			path = View;
			sourceTree = "<group>";
		};
		AD478B182B67817E004FEF4A /* Payment */ = {
			isa = PBXGroup;
			children = (
				AD478B192B6781A5004FEF4A /* PaymentViewController.swift */,
				AD478B1B2B6781CA004FEF4A /* PaymentViewModel.swift */,
			);
			path = Payment;
			sourceTree = "<group>";
		};
		AD49EED62B6154750064FA5D /* Favorite */ = {
			isa = PBXGroup;
			children = (
				AD49EEE12B615B4F0064FA5D /* View */,
				AD49EED72B6154970064FA5D /* Favorite.storyboard */,
				AD49EED92B6154C40064FA5D /* FavoriteViewController.swift */,
				AD49EEDB2B6154E00064FA5D /* FavoriteViewModel.swift */,
			);
			path = Favorite;
			sourceTree = "<group>";
		};
		AD49EEE12B615B4F0064FA5D /* View */ = {
			isa = PBXGroup;
			children = (
				AD49EEE22B615B660064FA5D /* PurchaseButton.swift */,
				AD49EEE42B615D180064FA5D /* FavoriteItemTableViewCell.swift */,
			);
			path = View;
			sourceTree = "<group>";
		};
		AD9FBF8B2B624AA2002784AA /* Detail */ = {
			isa = PBXGroup;
			children = (
				AD9FBF8C2B624ACD002784AA /* View */,
				AD9FBF8F2B624B07002784AA /* DetailViewModel.swift */,
				AD9FBF9F2B627250002784AA /* Detail.storyboard */,
				AD9FBFA12B627272002784AA /* DetailViewController.swift */,
			);
			path = Detail;
			sourceTree = "<group>";
		};
		AD9FBF8C2B624ACD002784AA /* View */ = {
			isa = PBXGroup;
			children = (
				AD9FBF8D2B624ADF002784AA /* DetailRootView.swift */,
				AD9FBF932B625112002784AA /* DetailBannerView.swift */,
				AD9FBF952B6254D7002784AA /* DetailRateView.swift */,
				AD9FBF972B62587D002784AA /* DetailOptionView.swift */,
				AD9FBF992B625A2E002784AA /* DetailPriceView.swift */,
				AD9FBF9B2B62625E002784AA /* DetailMoreView.swift */,
				AD9FBF9D2B626401002784AA /* DetailPurchaseView.swift */,
			);
			path = View;
			sourceTree = "<group>";
		};
		AD9FBFA32B627A39002784AA /* Option */ = {
			isa = PBXGroup;
			children = (
				AD9FBFA42B627A61002784AA /* OptionViewController.swift */,
				AD9FBFA62B627A6C002784AA /* OptionViewModel.swift */,
				AD9FBFA82B627A7D002784AA /* OptionRootView.swift */,
			);
			path = Option;
			sourceTree = "<group>";
		};
		AD9FBFAA2B634580002784AA /* Purchase */ = {
			isa = PBXGroup;
			children = (
				AD478B152B667A66004FEF4A /* View */,
				AD9FBFAB2B634594002784AA /* PurchaseViewController.swift */,
				AD9FBFAD2B6345A2002784AA /* PurchaseViewModel.swift */,
				AD9FBFAF2B634D58002784AA /* PurchaseSelectedItemView.swift */,
			);
			path = Purchase;
			sourceTree = "<group>";
		};
/* End PBXGroup section */

/* Begin PBXNativeTarget section */
		AD31FA3D2B57E783007C0C96 /* Cproject */ = {
			isa = PBXNativeTarget;
			buildConfigurationList = AD31FA522B57E790007C0C96 /* Build configuration list for PBXNativeTarget "Cproject" */;
			buildPhases = (
				AD31FA3A2B57E783007C0C96 /* Sources */,
				AD31FA3B2B57E783007C0C96 /* Frameworks */,
				AD31FA3C2B57E783007C0C96 /* Resources */,
			);
			buildRules = (
			);
			dependencies = (
			);
			name = Cproject;
			packageProductDependencies = (
				AD31FA5A2B590E22007C0C96 /* Lottie */,
				AD19D6C52B5E5D56007DAF6C /* Kingfisher */,
			);
			productName = Cproject;
			productReference = AD31FA3E2B57E783007C0C96 /* Cproject.app */;
			productType = "com.apple.product-type.application";
		};
/* End PBXNativeTarget section */

/* Begin PBXProject section */
		AD31FA362B57E783007C0C96 /* Project object */ = {
			isa = PBXProject;
			attributes = {
				BuildIndependentTargetsInParallel = 1;
				LastSwiftUpdateCheck = 1500;
				LastUpgradeCheck = 1500;
				TargetAttributes = {
					AD31FA3D2B57E783007C0C96 = {
						CreatedOnToolsVersion = 15.0.1;
					};
				};
			};
			buildConfigurationList = AD31FA392B57E783007C0C96 /* Build configuration list for PBXProject "Cproject" */;
			compatibilityVersion = "Xcode 14.0";
			developmentRegion = en;
			hasScannedForEncodings = 0;
			knownRegions = (
				en,
				Base,
			);
			mainGroup = AD31FA352B57E783007C0C96;
			packageReferences = (
				AD31FA592B590E22007C0C96 /* XCRemoteSwiftPackageReference "lottie-ios" */,
				AD19D6C42B5E5D56007DAF6C /* XCRemoteSwiftPackageReference "Kingfisher" */,
			);
			productRefGroup = AD31FA3F2B57E783007C0C96 /* Products */;
			projectDirPath = "";
			projectRoot = "";
			targets = (
				AD31FA3D2B57E783007C0C96 /* Cproject */,
			);
		};
/* End PBXProject section */

/* Begin PBXResourcesBuildPhase section */
		AD31FA3C2B57E783007C0C96 /* Resources */ = {
			isa = PBXResourcesBuildPhase;
			buildActionMask = 2147483647;
			files = (
				AD31FA4E2B57E790007C0C96 /* LaunchScreen.storyboard in Resources */,
				AD19D6A62B5BA564007DAF6C /* Images.xcassets in Resources */,
				AD49EED82B6154970064FA5D /* Favorite.storyboard in Resources */,
				AD9FBFA02B627250002784AA /* Detail.storyboard in Resources */,
				AD31FA4B2B57E790007C0C96 /* Assets.xcassets in Resources */,
				AD19D6B42B5BC296007DAF6C /* Home.storyboard in Resources */,
				AD19D6AA2B5BADC8007DAF6C /* Colors.xcassets in Resources */,
				AD31FA562B57F53B007C0C96 /* Splash.storyboard in Resources */,
				AD87DFCD2B6793F9006EC8D5 /* test.html in Resources */,
			);
			runOnlyForDeploymentPostprocessing = 0;
		};
/* End PBXResourcesBuildPhase section */

/* Begin PBXSourcesBuildPhase section */
		AD31FA3A2B57E783007C0C96 /* Sources */ = {
			isa = PBXSourcesBuildPhase;
			buildActionMask = 2147483647;
			files = (
				AD49EECF2B5EA49E0064FA5D /* HomeSeparateLineCollectionViewCell.swift in Sources */,
				AD9FBFAE2B6345A2002784AA /* PurchaseViewModel.swift in Sources */,
				AD9FBFA22B627272002784AA /* DetailViewController.swift in Sources */,
				AD49EED52B60FF730064FA5D /* HomeCategoryCollectionViewCell.swift in Sources */,
				AD19D6C02B5E5337007DAF6C /* NetworkService.swift in Sources */,
				AD49EED12B5FCFC00064FA5D /* HomeThemeCollectionViewCell.swift in Sources */,
				AD9FBFA72B627A6C002784AA /* OptionViewModel.swift in Sources */,
				AD478B1A2B6781A5004FEF4A /* PaymentViewController.swift in Sources */,
				AD49EEE52B615D180064FA5D /* FavoriteItemTableViewCell.swift in Sources */,
				AD49EEE32B615B660064FA5D /* PurchaseButton.swift in Sources */,
				AD19D6CB2B5E8252007DAF6C /* Numeric+Extensions.swift in Sources */,
				AD9FBF9E2B626401002784AA /* DetailPurchaseView.swift in Sources */,
				AD9FBFA92B627A7D002784AA /* OptionRootView.swift in Sources */,
				AD49EEE02B6157C60064FA5D /* Product.swift in Sources */,
				AD19D6AC2B5BAF78007DAF6C /* CPColor.swift in Sources */,
				AD9FBFA52B627A61002784AA /* OptionViewController.swift in Sources */,
				AD9FBF922B624C7D002784AA /* ProductDetailResponse.swift in Sources */,
				AD9FBF902B624B07002784AA /* DetailViewModel.swift in Sources */,
				AD49EED32B60E9400064FA5D /* HomeThemeHeaderCollectionReusableView.swift in Sources */,
				AD478B172B667AA3004FEF4A /* PurchaseRootView.swift in Sources */,
				AD49EEDE2B6157560064FA5D /* FavoriteResponse.swift in Sources */,
				AD19D6BC2B5D36BC007DAF6C /* HomeProductCollectionViewCell.swift in Sources */,
				AD31FA422B57E783007C0C96 /* AppDelegate.swift in Sources */,
				AD19D6CD2B5E94EF007DAF6C /* HomeCouponButtonCollectionViewCell.swift in Sources */,
				AD9FBF9C2B62625E002784AA /* DetailMoreView.swift in Sources */,
				AD19D6B22B5BBABD007DAF6C /* HomeViewController.swift in Sources */,
				AD9FBF942B625112002784AA /* DetailBannerView.swift in Sources */,
				AD9FBF8E2B624ADF002784AA /* DetailRootView.swift in Sources */,
				AD19D6AE2B5BB03A007DAF6C /* CPFont.swift in Sources */,
				AD9FBF962B6254D7002784AA /* DetailRateView.swift in Sources */,
				AD19D6A82B5BA88C007DAF6C /* CPImage.swift in Sources */,
				AD9FBF982B62587D002784AA /* DetailOptionView.swift in Sources */,
				AD9FBF9A2B625A2E002784AA /* DetailPriceView.swift in Sources */,
				AD9FBFB02B634D58002784AA /* PurchaseSelectedItemView.swift in Sources */,
				AD19D6C82B5E5E86007DAF6C /* HomeViewModel.swift in Sources */,
				AD49EEDA2B6154C40064FA5D /* FavoriteViewController.swift in Sources */,
				AD31FA442B57E783007C0C96 /* SceneDelegate.swift in Sources */,
				AD478B1C2B6781CA004FEF4A /* PaymentViewModel.swift in Sources */,
				AD31FA582B57F56A007C0C96 /* SplashViewController.swift in Sources */,
				AD19D6BA2B5BC794007DAF6C /* HomeBannerCollectionViewCell.swift in Sources */,
				AD49EEDC2B6154E00064FA5D /* FavoriteViewModel.swift in Sources */,
				AD19D6C32B5E548D007DAF6C /* HomeResponse.swift in Sources */,
				AD9FBFAC2B634594002784AA /* PurchaseViewController.swift in Sources */,
			);
			runOnlyForDeploymentPostprocessing = 0;
		};
/* End PBXSourcesBuildPhase section */

/* Begin PBXVariantGroup section */
		AD31FA4C2B57E790007C0C96 /* LaunchScreen.storyboard */ = {
			isa = PBXVariantGroup;
			children = (
				AD31FA4D2B57E790007C0C96 /* Base */,
			);
			name = LaunchScreen.storyboard;
			sourceTree = "<group>";
		};
/* End PBXVariantGroup section */

/* Begin XCBuildConfiguration section */
		AD31FA502B57E790007C0C96 /* Debug */ = {
			isa = XCBuildConfiguration;
			buildSettings = {
				ALWAYS_SEARCH_USER_PATHS = NO;
				ASSETCATALOG_COMPILER_GENERATE_SWIFT_ASSET_SYMBOL_EXTENSIONS = YES;
				CLANG_ANALYZER_NONNULL = YES;
				CLANG_ANALYZER_NUMBER_OBJECT_CONVERSION = YES_AGGRESSIVE;
				CLANG_CXX_LANGUAGE_STANDARD = "gnu++20";
				CLANG_ENABLE_MODULES = YES;
				CLANG_ENABLE_OBJC_ARC = YES;
				CLANG_ENABLE_OBJC_WEAK = YES;
				CLANG_WARN_BLOCK_CAPTURE_AUTORELEASING = YES;
				CLANG_WARN_BOOL_CONVERSION = YES;
				CLANG_WARN_COMMA = YES;
				CLANG_WARN_CONSTANT_CONVERSION = YES;
				CLANG_WARN_DEPRECATED_OBJC_IMPLEMENTATIONS = YES;
				CLANG_WARN_DIRECT_OBJC_ISA_USAGE = YES_ERROR;
				CLANG_WARN_DOCUMENTATION_COMMENTS = YES;
				CLANG_WARN_EMPTY_BODY = YES;
				CLANG_WARN_ENUM_CONVERSION = YES;
				CLANG_WARN_INFINITE_RECURSION = YES;
				CLANG_WARN_INT_CONVERSION = YES;
				CLANG_WARN_NON_LITERAL_NULL_CONVERSION = YES;
				CLANG_WARN_OBJC_IMPLICIT_RETAIN_SELF = YES;
				CLANG_WARN_OBJC_LITERAL_CONVERSION = YES;
				CLANG_WARN_OBJC_ROOT_CLASS = YES_ERROR;
				CLANG_WARN_QUOTED_INCLUDE_IN_FRAMEWORK_HEADER = YES;
				CLANG_WARN_RANGE_LOOP_ANALYSIS = YES;
				CLANG_WARN_STRICT_PROTOTYPES = YES;
				CLANG_WARN_SUSPICIOUS_MOVE = YES;
				CLANG_WARN_UNGUARDED_AVAILABILITY = YES_AGGRESSIVE;
				CLANG_WARN_UNREACHABLE_CODE = YES;
				CLANG_WARN__DUPLICATE_METHOD_MATCH = YES;
				COPY_PHASE_STRIP = NO;
				DEBUG_INFORMATION_FORMAT = dwarf;
				ENABLE_STRICT_OBJC_MSGSEND = YES;
				ENABLE_TESTABILITY = YES;
				ENABLE_USER_SCRIPT_SANDBOXING = YES;
				GCC_C_LANGUAGE_STANDARD = gnu17;
				GCC_DYNAMIC_NO_PIC = NO;
				GCC_NO_COMMON_BLOCKS = YES;
				GCC_OPTIMIZATION_LEVEL = 0;
				GCC_PREPROCESSOR_DEFINITIONS = (
					"DEBUG=1",
					"$(inherited)",
				);
				GCC_WARN_64_TO_32_BIT_CONVERSION = YES;
				GCC_WARN_ABOUT_RETURN_TYPE = YES_ERROR;
				GCC_WARN_UNDECLARED_SELECTOR = YES;
				GCC_WARN_UNINITIALIZED_AUTOS = YES_AGGRESSIVE;
				GCC_WARN_UNUSED_FUNCTION = YES;
				GCC_WARN_UNUSED_VARIABLE = YES;
				IPHONEOS_DEPLOYMENT_TARGET = 17.0;
				LOCALIZATION_PREFERS_STRING_CATALOGS = YES;
				MTL_ENABLE_DEBUG_INFO = INCLUDE_SOURCE;
				MTL_FAST_MATH = YES;
				ONLY_ACTIVE_ARCH = YES;
				SDKROOT = iphoneos;
				SWIFT_ACTIVE_COMPILATION_CONDITIONS = "DEBUG $(inherited)";
				SWIFT_OPTIMIZATION_LEVEL = "-Onone";
			};
			name = Debug;
		};
		AD31FA512B57E790007C0C96 /* Release */ = {
			isa = XCBuildConfiguration;
			buildSettings = {
				ALWAYS_SEARCH_USER_PATHS = NO;
				ASSETCATALOG_COMPILER_GENERATE_SWIFT_ASSET_SYMBOL_EXTENSIONS = YES;
				CLANG_ANALYZER_NONNULL = YES;
				CLANG_ANALYZER_NUMBER_OBJECT_CONVERSION = YES_AGGRESSIVE;
				CLANG_CXX_LANGUAGE_STANDARD = "gnu++20";
				CLANG_ENABLE_MODULES = YES;
				CLANG_ENABLE_OBJC_ARC = YES;
				CLANG_ENABLE_OBJC_WEAK = YES;
				CLANG_WARN_BLOCK_CAPTURE_AUTORELEASING = YES;
				CLANG_WARN_BOOL_CONVERSION = YES;
				CLANG_WARN_COMMA = YES;
				CLANG_WARN_CONSTANT_CONVERSION = YES;
				CLANG_WARN_DEPRECATED_OBJC_IMPLEMENTATIONS = YES;
				CLANG_WARN_DIRECT_OBJC_ISA_USAGE = YES_ERROR;
				CLANG_WARN_DOCUMENTATION_COMMENTS = YES;
				CLANG_WARN_EMPTY_BODY = YES;
				CLANG_WARN_ENUM_CONVERSION = YES;
				CLANG_WARN_INFINITE_RECURSION = YES;
				CLANG_WARN_INT_CONVERSION = YES;
				CLANG_WARN_NON_LITERAL_NULL_CONVERSION = YES;
				CLANG_WARN_OBJC_IMPLICIT_RETAIN_SELF = YES;
				CLANG_WARN_OBJC_LITERAL_CONVERSION = YES;
				CLANG_WARN_OBJC_ROOT_CLASS = YES_ERROR;
				CLANG_WARN_QUOTED_INCLUDE_IN_FRAMEWORK_HEADER = YES;
				CLANG_WARN_RANGE_LOOP_ANALYSIS = YES;
				CLANG_WARN_STRICT_PROTOTYPES = YES;
				CLANG_WARN_SUSPICIOUS_MOVE = YES;
				CLANG_WARN_UNGUARDED_AVAILABILITY = YES_AGGRESSIVE;
				CLANG_WARN_UNREACHABLE_CODE = YES;
				CLANG_WARN__DUPLICATE_METHOD_MATCH = YES;
				COPY_PHASE_STRIP = NO;
				DEBUG_INFORMATION_FORMAT = "dwarf-with-dsym";
				ENABLE_NS_ASSERTIONS = NO;
				ENABLE_STRICT_OBJC_MSGSEND = YES;
				ENABLE_USER_SCRIPT_SANDBOXING = YES;
				GCC_C_LANGUAGE_STANDARD = gnu17;
				GCC_NO_COMMON_BLOCKS = YES;
				GCC_WARN_64_TO_32_BIT_CONVERSION = YES;
				GCC_WARN_ABOUT_RETURN_TYPE = YES_ERROR;
				GCC_WARN_UNDECLARED_SELECTOR = YES;
				GCC_WARN_UNINITIALIZED_AUTOS = YES_AGGRESSIVE;
				GCC_WARN_UNUSED_FUNCTION = YES;
				GCC_WARN_UNUSED_VARIABLE = YES;
				IPHONEOS_DEPLOYMENT_TARGET = 17.0;
				LOCALIZATION_PREFERS_STRING_CATALOGS = YES;
				MTL_ENABLE_DEBUG_INFO = NO;
				MTL_FAST_MATH = YES;
				SDKROOT = iphoneos;
				SWIFT_COMPILATION_MODE = wholemodule;
				VALIDATE_PRODUCT = YES;
			};
			name = Release;
		};
		AD31FA532B57E790007C0C96 /* Debug */ = {
			isa = XCBuildConfiguration;
			buildSettings = {
				ASSETCATALOG_COMPILER_APPICON_NAME = AppIcon;
				ASSETCATALOG_COMPILER_GLOBAL_ACCENT_COLOR_NAME = AccentColor;
				CODE_SIGN_STYLE = Automatic;
				CURRENT_PROJECT_VERSION = 1;
				GENERATE_INFOPLIST_FILE = YES;
				INFOPLIST_FILE = Cproject/Info.plist;
				INFOPLIST_KEY_UIApplicationSupportsIndirectInputEvents = YES;
				INFOPLIST_KEY_UILaunchStoryboardName = LaunchScreen;
				INFOPLIST_KEY_UIMainStoryboardFile = Splash;
				INFOPLIST_KEY_UISupportedInterfaceOrientations_iPad = "UIInterfaceOrientationPortrait UIInterfaceOrientationPortraitUpsideDown UIInterfaceOrientationLandscapeLeft UIInterfaceOrientationLandscapeRight";
				INFOPLIST_KEY_UISupportedInterfaceOrientations_iPhone = "UIInterfaceOrientationPortrait UIInterfaceOrientationLandscapeLeft UIInterfaceOrientationLandscapeRight";
				LD_RUNPATH_SEARCH_PATHS = (
					"$(inherited)",
					"@executable_path/Frameworks",
				);
				MARKETING_VERSION = 1.0;
				PRODUCT_BUNDLE_IDENTIFIER = anyong.Cproject;
				PRODUCT_NAME = "$(TARGET_NAME)";
				SWIFT_EMIT_LOC_STRINGS = YES;
				SWIFT_VERSION = 5.0;
				TARGETED_DEVICE_FAMILY = "1,2";
			};
			name = Debug;
		};
		AD31FA542B57E790007C0C96 /* Release */ = {
			isa = XCBuildConfiguration;
			buildSettings = {
				ASSETCATALOG_COMPILER_APPICON_NAME = AppIcon;
				ASSETCATALOG_COMPILER_GLOBAL_ACCENT_COLOR_NAME = AccentColor;
				CODE_SIGN_STYLE = Automatic;
				CURRENT_PROJECT_VERSION = 1;
				GENERATE_INFOPLIST_FILE = YES;
				INFOPLIST_FILE = Cproject/Info.plist;
				INFOPLIST_KEY_UIApplicationSupportsIndirectInputEvents = YES;
				INFOPLIST_KEY_UILaunchStoryboardName = LaunchScreen;
				INFOPLIST_KEY_UIMainStoryboardFile = Splash;
				INFOPLIST_KEY_UISupportedInterfaceOrientations_iPad = "UIInterfaceOrientationPortrait UIInterfaceOrientationPortraitUpsideDown UIInterfaceOrientationLandscapeLeft UIInterfaceOrientationLandscapeRight";
				INFOPLIST_KEY_UISupportedInterfaceOrientations_iPhone = "UIInterfaceOrientationPortrait UIInterfaceOrientationLandscapeLeft UIInterfaceOrientationLandscapeRight";
				LD_RUNPATH_SEARCH_PATHS = (
					"$(inherited)",
					"@executable_path/Frameworks",
				);
				MARKETING_VERSION = 1.0;
				PRODUCT_BUNDLE_IDENTIFIER = anyong.Cproject;
				PRODUCT_NAME = "$(TARGET_NAME)";
				SWIFT_EMIT_LOC_STRINGS = YES;
				SWIFT_VERSION = 5.0;
				TARGETED_DEVICE_FAMILY = "1,2";
			};
			name = Release;
		};
/* End XCBuildConfiguration section */

/* Begin XCConfigurationList section */
		AD31FA392B57E783007C0C96 /* Build configuration list for PBXProject "Cproject" */ = {
			isa = XCConfigurationList;
			buildConfigurations = (
				AD31FA502B57E790007C0C96 /* Debug */,
				AD31FA512B57E790007C0C96 /* Release */,
			);
			defaultConfigurationIsVisible = 0;
			defaultConfigurationName = Release;
		};
		AD31FA522B57E790007C0C96 /* Build configuration list for PBXNativeTarget "Cproject" */ = {
			isa = XCConfigurationList;
			buildConfigurations = (
				AD31FA532B57E790007C0C96 /* Debug */,
				AD31FA542B57E790007C0C96 /* Release */,
			);
			defaultConfigurationIsVisible = 0;
			defaultConfigurationName = Release;
		};
/* End XCConfigurationList section */

/* Begin XCRemoteSwiftPackageReference section */
		AD19D6C42B5E5D56007DAF6C /* XCRemoteSwiftPackageReference "Kingfisher" */ = {
			isa = XCRemoteSwiftPackageReference;
			repositoryURL = "https://github.com/onevcat/Kingfisher.git";
			requirement = {
				kind = upToNextMajorVersion;
				minimumVersion = 7.10.2;
			};
		};
		AD31FA592B590E22007C0C96 /* XCRemoteSwiftPackageReference "lottie-ios" */ = {
			isa = XCRemoteSwiftPackageReference;
			repositoryURL = "https://github.com/airbnb/lottie-ios.git";
			requirement = {
				kind = upToNextMajorVersion;
				minimumVersion = 4.3.4;
			};
		};
/* End XCRemoteSwiftPackageReference section */

/* Begin XCSwiftPackageProductDependency section */
		AD19D6C52B5E5D56007DAF6C /* Kingfisher */ = {
			isa = XCSwiftPackageProductDependency;
			package = AD19D6C42B5E5D56007DAF6C /* XCRemoteSwiftPackageReference "Kingfisher" */;
			productName = Kingfisher;
		};
		AD31FA5A2B590E22007C0C96 /* Lottie */ = {
			isa = XCSwiftPackageProductDependency;
			package = AD31FA592B590E22007C0C96 /* XCRemoteSwiftPackageReference "lottie-ios" */;
			productName = Lottie;
		};
/* End XCSwiftPackageProductDependency section */
	};
	rootObject = AD31FA362B57E783007C0C96 /* Project object */;
}
